
Microsoft Visual Studio Solution File, Format Version 12.00
# Visual Studio Version 16
VisualStudioVersion = 16.0.31624.102
MinimumVisualStudioVersion = 10.0.40219.1
Project("{FAE04EC0-301F-11D3-BF4B-00C04F79EFBC}") = "DAB Opg 3.1", "DAB Opg 3.1\DAB Opg 3.1.csproj", "{ABB587EF-8A39-46C2-996D-83B56084A184}"
EndProject
Global
	GlobalSection(SolutionConfigurationPlatforms) = preSolution
		Debug|Any CPU = Debug|Any CPU
		Release|Any CPU = Release|Any CPU
	EndGlobalSection
	GlobalSection(ProjectConfigurationPlatforms) = postSolution
		{ABB587EF-8A39-46C2-996D-83B56084A184}.Debug|Any CPU.ActiveCfg = Debug|Any CPU
		{ABB587EF-8A39-46C2-996D-83B56084A184}.Debug|Any CPU.Build.0 = Debug|Any CPU
		{ABB587EF-8A39-46C2-996D-83B56084A184}.Release|Any CPU.ActiveCfg = Release|Any CPU
		{ABB587EF-8A39-46C2-996D-83B56084A184}.Release|Any CPU.Build.0 = Release|Any CPU
	EndGlobalSection
	GlobalSection(SolutionProperties) = preSolution
		HideSolutionNode = FALSE
	EndGlobalSection
	GlobalSection(ExtensibilityGlobals) = postSolution
		SolutionGuid = {90E435FD-61F3-4891-94E6-DDD04B450BFA}
	EndGlobalSection
EndGlobal
