
Microsoft Visual Studio Solution File, Format Version 12.00
# Visual Studio Version 16
VisualStudioVersion = 16.0.31702.278
MinimumVisualStudioVersion = 10.0.40219.1
Project("{FAE04EC0-301F-11D3-BF4B-00C04F79EFBC}") = "EFCore test", "EFCore test\EFCore test.csproj", "{0FAEABAC-4E8B-4166-A8CB-507BBC64BD3B}"
EndProject
Global
	GlobalSection(SolutionConfigurationPlatforms) = preSolution
		Debug|Any CPU = Debug|Any CPU
		Release|Any CPU = Release|Any CPU
	EndGlobalSection
	GlobalSection(ProjectConfigurationPlatforms) = postSolution
		{0FAEABAC-4E8B-4166-A8CB-507BBC64BD3B}.Debug|Any CPU.ActiveCfg = Debug|Any CPU
		{0FAEABAC-4E8B-4166-A8CB-507BBC64BD3B}.Debug|Any CPU.Build.0 = Debug|Any CPU
		{0FAEABAC-4E8B-4166-A8CB-507BBC64BD3B}.Release|Any CPU.ActiveCfg = Release|Any CPU
		{0FAEABAC-4E8B-4166-A8CB-507BBC64BD3B}.Release|Any CPU.Build.0 = Release|Any CPU
	EndGlobalSection
	GlobalSection(SolutionProperties) = preSolution
		HideSolutionNode = FALSE
	EndGlobalSection
	GlobalSection(ExtensibilityGlobals) = postSolution
		SolutionGuid = {1A7B9AF9-9031-4C68-9877-E5E703C0A67E}
	EndGlobalSection
EndGlobal
